// !$*UTF8*$!
{
	archiveVersion = 1;
	classes = {
	};
	objectVersion = 56;
	objects = {

/* Begin PBXBuildFile section */
		39A0E5792B90C7A0000DD3A6 /* AppDelegate.swift in Sources */ = {isa = PBXBuildFile; fileRef = 39A0E5782B90C7A0000DD3A6 /* AppDelegate.swift */; };
		39A0E57B2B90C7A0000DD3A6 /* SceneDelegate.swift in Sources */ = {isa = PBXBuildFile; fileRef = 39A0E57A2B90C7A0000DD3A6 /* SceneDelegate.swift */; };
		39A0E5822B90C7A1000DD3A6 /* Assets.xcassets in Resources */ = {isa = PBXBuildFile; fileRef = 39A0E5812B90C7A1000DD3A6 /* Assets.xcassets */; };
		39A0E5852B90C7A1000DD3A6 /* LaunchScreen.storyboard in Resources */ = {isa = PBXBuildFile; fileRef = 39A0E5832B90C7A1000DD3A6 /* LaunchScreen.storyboard */; };
		39A0E5962B90C854000DD3A6 /* HomeVC.swift in Sources */ = {isa = PBXBuildFile; fileRef = 39A0E5952B90C854000DD3A6 /* HomeVC.swift */; };
		39A0E5982B90C85A000DD3A6 /* HomeVM.swift in Sources */ = {isa = PBXBuildFile; fileRef = 39A0E5972B90C85A000DD3A6 /* HomeVM.swift */; };
		39A0E59A2B90C86B000DD3A6 /* WeatherModal.swift in Sources */ = {isa = PBXBuildFile; fileRef = 39A0E5992B90C86B000DD3A6 /* WeatherModal.swift */; };
		39A0E59C2B90CD03000DD3A6 /* WebService.swift in Sources */ = {isa = PBXBuildFile; fileRef = 39A0E59B2B90CD03000DD3A6 /* WebService.swift */; };
		39F19A952B95BDF3001C0F11 /* Alamofire in Frameworks */ = {isa = PBXBuildFile; productRef = 39F19A942B95BDF3001C0F11 /* Alamofire */; };
/* End PBXBuildFile section */

/* Begin PBXFileReference section */
		39A0E5752B90C7A0000DD3A6 /* CurrentWeather.app */ = {isa = PBXFileReference; explicitFileType = wrapper.application; includeInIndex = 0; path = CurrentWeather.app; sourceTree = BUILT_PRODUCTS_DIR; };
		39A0E5782B90C7A0000DD3A6 /* AppDelegate.swift */ = {isa = PBXFileReference; lastKnownFileType = sourcecode.swift; path = AppDelegate.swift; sourceTree = "<group>"; };
		39A0E57A2B90C7A0000DD3A6 /* SceneDelegate.swift */ = {isa = PBXFileReference; lastKnownFileType = sourcecode.swift; path = SceneDelegate.swift; sourceTree = "<group>"; };
		39A0E5812B90C7A1000DD3A6 /* Assets.xcassets */ = {isa = PBXFileReference; lastKnownFileType = folder.assetcatalog; path = Assets.xcassets; sourceTree = "<group>"; };
		39A0E5842B90C7A1000DD3A6 /* Base */ = {isa = PBXFileReference; lastKnownFileType = file.storyboard; name = Base; path = Base.lproj/LaunchScreen.storyboard; sourceTree = "<group>"; };
		39A0E5862B90C7A1000DD3A6 /* Info.plist */ = {isa = PBXFileReference; lastKnownFileType = text.plist.xml; path = Info.plist; sourceTree = "<group>"; };
		39A0E5952B90C854000DD3A6 /* HomeVC.swift */ = {isa = PBXFileReference; lastKnownFileType = sourcecode.swift; path = HomeVC.swift; sourceTree = "<group>"; };
		39A0E5972B90C85A000DD3A6 /* HomeVM.swift */ = {isa = PBXFileReference; lastKnownFileType = sourcecode.swift; path = HomeVM.swift; sourceTree = "<group>"; };
		39A0E5992B90C86B000DD3A6 /* WeatherModal.swift */ = {isa = PBXFileReference; lastKnownFileType = sourcecode.swift; path = WeatherModal.swift; sourceTree = "<group>"; };
		39A0E59B2B90CD03000DD3A6 /* WebService.swift */ = {isa = PBXFileReference; lastKnownFileType = sourcecode.swift; path = WebService.swift; sourceTree = "<group>"; };
/* End PBXFileReference section */

/* Begin PBXFrameworksBuildPhase section */
		39A0E5722B90C7A0000DD3A6 /* Frameworks */ = {
			isa = PBXFrameworksBuildPhase;
			buildActionMask = 2147483647;
			files = (
				39F19A952B95BDF3001C0F11 /* Alamofire in Frameworks */,
			);
			runOnlyForDeploymentPostprocessing = 0;
		};
/* End PBXFrameworksBuildPhase section */

/* Begin PBXGroup section */
		39A0E56C2B90C7A0000DD3A6 = {
			isa = PBXGroup;
			children = (
				39A0E5772B90C7A0000DD3A6 /* CurrentWeather */,
				39A0E5762B90C7A0000DD3A6 /* Products */,
			);
			sourceTree = "<group>";
		};
		39A0E5762B90C7A0000DD3A6 /* Products */ = {
			isa = PBXGroup;
			children = (
				39A0E5752B90C7A0000DD3A6 /* CurrentWeather.app */,
			);
			name = Products;
			sourceTree = "<group>";
		};
		39A0E5772B90C7A0000DD3A6 /* CurrentWeather */ = {
			isa = PBXGroup;
			children = (
				39A0E58C2B90C7B0000DD3A6 /* App */,
				39A0E58D2B90C7B4000DD3A6 /* Scene */,
				39A0E5902B90C7C7000DD3A6 /* Service */,
				39A0E58E2B90C7B7000DD3A6 /* Resources */,
				39A0E58F2B90C7BD000DD3A6 /* Support */,
			);
			path = CurrentWeather;
			sourceTree = "<group>";
		};
		39A0E58C2B90C7B0000DD3A6 /* App */ = {
			isa = PBXGroup;
			children = (
				39A0E5782B90C7A0000DD3A6 /* AppDelegate.swift */,
				39A0E57A2B90C7A0000DD3A6 /* SceneDelegate.swift */,
			);
			path = App;
			sourceTree = "<group>";
		};
		39A0E58D2B90C7B4000DD3A6 /* Scene */ = {
			isa = PBXGroup;
			children = (
				39A0E5912B90C806000DD3A6 /* Home */,
			);
			path = Scene;
			sourceTree = "<group>";
		};
		39A0E58E2B90C7B7000DD3A6 /* Resources */ = {
			isa = PBXGroup;
			children = (
				39A0E5812B90C7A1000DD3A6 /* Assets.xcassets */,
				39A0E5832B90C7A1000DD3A6 /* LaunchScreen.storyboard */,
			);
			path = Resources;
			sourceTree = "<group>";
		};
		39A0E58F2B90C7BD000DD3A6 /* Support */ = {
			isa = PBXGroup;
			children = (
				39A0E5862B90C7A1000DD3A6 /* Info.plist */,
			);
			path = Support;
			sourceTree = "<group>";
		};
		39A0E5902B90C7C7000DD3A6 /* Service */ = {
			isa = PBXGroup;
			children = (
				39A0E59B2B90CD03000DD3A6 /* WebService.swift */,
			);
			path = Service;
			sourceTree = "<group>";
		};
		39A0E5912B90C806000DD3A6 /* Home */ = {
			isa = PBXGroup;
			children = (
				39A0E5932B90C814000DD3A6 /* Model */,
				39A0E5922B90C80F000DD3A6 /* View */,
				39A0E5942B90C824000DD3A6 /* ViewModel */,
			);
			path = Home;
			sourceTree = "<group>";
		};
		39A0E5922B90C80F000DD3A6 /* View */ = {
			isa = PBXGroup;
			children = (
				39A0E5952B90C854000DD3A6 /* HomeVC.swift */,
			);
			path = View;
			sourceTree = "<group>";
		};
		39A0E5932B90C814000DD3A6 /* Model */ = {
			isa = PBXGroup;
			children = (
				39A0E5992B90C86B000DD3A6 /* WeatherModal.swift */,
			);
			path = Model;
			sourceTree = "<group>";
		};
		39A0E5942B90C824000DD3A6 /* ViewModel */ = {
			isa = PBXGroup;
			children = (
				39A0E5972B90C85A000DD3A6 /* HomeVM.swift */,
			);
			path = ViewModel;
			sourceTree = "<group>";
		};
/* End PBXGroup section */

/* Begin PBXNativeTarget section */
		39A0E5742B90C7A0000DD3A6 /* CurrentWeather */ = {
			isa = PBXNativeTarget;
			buildConfigurationList = 39A0E5892B90C7A1000DD3A6 /* Build configuration list for PBXNativeTarget "CurrentWeather" */;
			buildPhases = (
				39A0E5712B90C7A0000DD3A6 /* Sources */,
				39A0E5722B90C7A0000DD3A6 /* Frameworks */,
				39A0E5732B90C7A0000DD3A6 /* Resources */,
			);
			buildRules = (
			);
			dependencies = (
			);
			name = CurrentWeather;
			packageProductDependencies = (
				39F19A942B95BDF3001C0F11 /* Alamofire */,
			);
			productName = CurrentWeather;
			productReference = 39A0E5752B90C7A0000DD3A6 /* CurrentWeather.app */;
			productType = "com.apple.product-type.application";
		};
/* End PBXNativeTarget section */

/* Begin PBXProject section */
		39A0E56D2B90C7A0000DD3A6 /* Project object */ = {
			isa = PBXProject;
			attributes = {
				BuildIndependentTargetsInParallel = 1;
				LastSwiftUpdateCheck = 1520;
				LastUpgradeCheck = 1520;
				TargetAttributes = {
					39A0E5742B90C7A0000DD3A6 = {
						CreatedOnToolsVersion = 15.2;
					};
				};
			};
			buildConfigurationList = 39A0E5702B90C7A0000DD3A6 /* Build configuration list for PBXProject "CurrentWeather" */;
			compatibilityVersion = "Xcode 14.0";
			developmentRegion = en;
			hasScannedForEncodings = 0;
			knownRegions = (
				en,
				Base,
			);
			mainGroup = 39A0E56C2B90C7A0000DD3A6;
			packageReferences = (
				39F19A932B95BDF3001C0F11 /* XCRemoteSwiftPackageReference "Alamofire" */,
			);
			productRefGroup = 39A0E5762B90C7A0000DD3A6 /* Products */;
			projectDirPath = "";
			projectRoot = "";
			targets = (
				39A0E5742B90C7A0000DD3A6 /* CurrentWeather */,
			);
		};
/* End PBXProject section */

/* Begin PBXResourcesBuildPhase section */
		39A0E5732B90C7A0000DD3A6 /* Resources */ = {
			isa = PBXResourcesBuildPhase;
			buildActionMask = 2147483647;
			files = (
				39A0E5852B90C7A1000DD3A6 /* LaunchScreen.storyboard in Resources */,
				39A0E5822B90C7A1000DD3A6 /* Assets.xcassets in Resources */,
			);
			runOnlyForDeploymentPostprocessing = 0;
		};
/* End PBXResourcesBuildPhase section */

/* Begin PBXSourcesBuildPhase section */
		39A0E5712B90C7A0000DD3A6 /* Sources */ = {
			isa = PBXSourcesBuildPhase;
			buildActionMask = 2147483647;
			files = (
				39A0E59C2B90CD03000DD3A6 /* WebService.swift in Sources */,
				39A0E5962B90C854000DD3A6 /* HomeVC.swift in Sources */,
				39A0E5792B90C7A0000DD3A6 /* AppDelegate.swift in Sources */,
				39A0E57B2B90C7A0000DD3A6 /* SceneDelegate.swift in Sources */,
				39A0E5982B90C85A000DD3A6 /* HomeVM.swift in Sources */,
				39A0E59A2B90C86B000DD3A6 /* WeatherModal.swift in Sources */,
			);
			runOnlyForDeploymentPostprocessing = 0;
		};
/* End PBXSourcesBuildPhase section */

/* Begin PBXVariantGroup section */
		39A0E5832B90C7A1000DD3A6 /* LaunchScreen.storyboard */ = {
			isa = PBXVariantGroup;
			children = (
				39A0E5842B90C7A1000DD3A6 /* Base */,
			);
			name = LaunchScreen.storyboard;
			sourceTree = "<group>";
		};
/* End PBXVariantGroup section */

/* Begin XCBuildConfiguration section */
		39A0E5872B90C7A1000DD3A6 /* Debug */ = {
			isa = XCBuildConfiguration;
			buildSettings = {
				ALWAYS_SEARCH_USER_PATHS = NO;
				ASSETCATALOG_COMPILER_GENERATE_SWIFT_ASSET_SYMBOL_EXTENSIONS = YES;
				CLANG_ANALYZER_NONNULL = YES;
				CLANG_ANALYZER_NUMBER_OBJECT_CONVERSION = YES_AGGRESSIVE;
				CLANG_CXX_LANGUAGE_STANDARD = "gnu++20";
				CLANG_ENABLE_MODULES = YES;
				CLANG_ENABLE_OBJC_ARC = YES;
				CLANG_ENABLE_OBJC_WEAK = YES;
				CLANG_WARN_BLOCK_CAPTURE_AUTORELEASING = YES;
				CLANG_WARN_BOOL_CONVERSION = YES;
				CLANG_WARN_COMMA = YES;
				CLANG_WARN_CONSTANT_CONVERSION = YES;
				CLANG_WARN_DEPRECATED_OBJC_IMPLEMENTATIONS = YES;
				CLANG_WARN_DIRECT_OBJC_ISA_USAGE = YES_ERROR;
				CLANG_WARN_DOCUMENTATION_COMMENTS = YES;
				CLANG_WARN_EMPTY_BODY = YES;
				CLANG_WARN_ENUM_CONVERSION = YES;
				CLANG_WARN_INFINITE_RECURSION = YES;
				CLANG_WARN_INT_CONVERSION = YES;
				CLANG_WARN_NON_LITERAL_NULL_CONVERSION = YES;
				CLANG_WARN_OBJC_IMPLICIT_RETAIN_SELF = YES;
				CLANG_WARN_OBJC_LITERAL_CONVERSION = YES;
				CLANG_WARN_OBJC_ROOT_CLASS = YES_ERROR;
				CLANG_WARN_QUOTED_INCLUDE_IN_FRAMEWORK_HEADER = YES;
				CLANG_WARN_RANGE_LOOP_ANALYSIS = YES;
				CLANG_WARN_STRICT_PROTOTYPES = YES;
				CLANG_WARN_SUSPICIOUS_MOVE = YES;
				CLANG_WARN_UNGUARDED_AVAILABILITY = YES_AGGRESSIVE;
				CLANG_WARN_UNREACHABLE_CODE = YES;
				CLANG_WARN__DUPLICATE_METHOD_MATCH = YES;
				COPY_PHASE_STRIP = NO;
				DEBUG_INFORMATION_FORMAT = dwarf;
				ENABLE_STRICT_OBJC_MSGSEND = YES;
				ENABLE_TESTABILITY = YES;
				ENABLE_USER_SCRIPT_SANDBOXING = YES;
				GCC_C_LANGUAGE_STANDARD = gnu17;
				GCC_DYNAMIC_NO_PIC = NO;
				GCC_NO_COMMON_BLOCKS = YES;
				GCC_OPTIMIZATION_LEVEL = 0;
				GCC_PREPROCESSOR_DEFINITIONS = (
					"DEBUG=1",
					"$(inherited)",
				);
				GCC_WARN_64_TO_32_BIT_CONVERSION = YES;
				GCC_WARN_ABOUT_RETURN_TYPE = YES_ERROR;
				GCC_WARN_UNDECLARED_SELECTOR = YES;
				GCC_WARN_UNINITIALIZED_AUTOS = YES_AGGRESSIVE;
				GCC_WARN_UNUSED_FUNCTION = YES;
				GCC_WARN_UNUSED_VARIABLE = YES;
				IPHONEOS_DEPLOYMENT_TARGET = 17.2;
				LOCALIZATION_PREFERS_STRING_CATALOGS = YES;
				MTL_ENABLE_DEBUG_INFO = INCLUDE_SOURCE;
				MTL_FAST_MATH = YES;
				ONLY_ACTIVE_ARCH = YES;
				SDKROOT = iphoneos;
				SWIFT_ACTIVE_COMPILATION_CONDITIONS = "DEBUG $(inherited)";
				SWIFT_OPTIMIZATION_LEVEL = "-Onone";
			};
			name = Debug;
		};
		39A0E5882B90C7A1000DD3A6 /* Release */ = {
			isa = XCBuildConfiguration;
			buildSettings = {
				ALWAYS_SEARCH_USER_PATHS = NO;
				ASSETCATALOG_COMPILER_GENERATE_SWIFT_ASSET_SYMBOL_EXTENSIONS = YES;
				CLANG_ANALYZER_NONNULL = YES;
				CLANG_ANALYZER_NUMBER_OBJECT_CONVERSION = YES_AGGRESSIVE;
				CLANG_CXX_LANGUAGE_STANDARD = "gnu++20";
				CLANG_ENABLE_MODULES = YES;
				CLANG_ENABLE_OBJC_ARC = YES;
				CLANG_ENABLE_OBJC_WEAK = YES;
				CLANG_WARN_BLOCK_CAPTURE_AUTORELEASING = YES;
				CLANG_WARN_BOOL_CONVERSION = YES;
				CLANG_WARN_COMMA = YES;
				CLANG_WARN_CONSTANT_CONVERSION = YES;
				CLANG_WARN_DEPRECATED_OBJC_IMPLEMENTATIONS = YES;
				CLANG_WARN_DIRECT_OBJC_ISA_USAGE = YES_ERROR;
				CLANG_WARN_DOCUMENTATION_COMMENTS = YES;
				CLANG_WARN_EMPTY_BODY = YES;
				CLANG_WARN_ENUM_CONVERSION = YES;
				CLANG_WARN_INFINITE_RECURSION = YES;
				CLANG_WARN_INT_CONVERSION = YES;
				CLANG_WARN_NON_LITERAL_NULL_CONVERSION = YES;
				CLANG_WARN_OBJC_IMPLICIT_RETAIN_SELF = YES;
				CLANG_WARN_OBJC_LITERAL_CONVERSION = YES;
				CLANG_WARN_OBJC_ROOT_CLASS = YES_ERROR;
				CLANG_WARN_QUOTED_INCLUDE_IN_FRAMEWORK_HEADER = YES;
				CLANG_WARN_RANGE_LOOP_ANALYSIS = YES;
				CLANG_WARN_STRICT_PROTOTYPES = YES;
				CLANG_WARN_SUSPICIOUS_MOVE = YES;
				CLANG_WARN_UNGUARDED_AVAILABILITY = YES_AGGRESSIVE;
				CLANG_WARN_UNREACHABLE_CODE = YES;
				CLANG_WARN__DUPLICATE_METHOD_MATCH = YES;
				COPY_PHASE_STRIP = NO;
				DEBUG_INFORMATION_FORMAT = "dwarf-with-dsym";
				ENABLE_NS_ASSERTIONS = NO;
				ENABLE_STRICT_OBJC_MSGSEND = YES;
				ENABLE_USER_SCRIPT_SANDBOXING = YES;
				GCC_C_LANGUAGE_STANDARD = gnu17;
				GCC_NO_COMMON_BLOCKS = YES;
				GCC_WARN_64_TO_32_BIT_CONVERSION = YES;
				GCC_WARN_ABOUT_RETURN_TYPE = YES_ERROR;
				GCC_WARN_UNDECLARED_SELECTOR = YES;
				GCC_WARN_UNINITIALIZED_AUTOS = YES_AGGRESSIVE;
				GCC_WARN_UNUSED_FUNCTION = YES;
				GCC_WARN_UNUSED_VARIABLE = YES;
				IPHONEOS_DEPLOYMENT_TARGET = 17.2;
				LOCALIZATION_PREFERS_STRING_CATALOGS = YES;
				MTL_ENABLE_DEBUG_INFO = NO;
				MTL_FAST_MATH = YES;
				SDKROOT = iphoneos;
				SWIFT_COMPILATION_MODE = wholemodule;
				VALIDATE_PRODUCT = YES;
			};
			name = Release;
		};
		39A0E58A2B90C7A1000DD3A6 /* Debug */ = {
			isa = XCBuildConfiguration;
			buildSettings = {
				ASSETCATALOG_COMPILER_APPICON_NAME = AppIcon;
				ASSETCATALOG_COMPILER_GLOBAL_ACCENT_COLOR_NAME = AccentColor;
				CODE_SIGN_STYLE = Automatic;
				CURRENT_PROJECT_VERSION = 1;
				DEVELOPMENT_TEAM = 9NSCR757BU;
				GENERATE_INFOPLIST_FILE = YES;
				INFOPLIST_FILE = CurrentWeather/Support/Info.plist;
				INFOPLIST_KEY_UIApplicationSupportsIndirectInputEvents = YES;
				INFOPLIST_KEY_UILaunchStoryboardName = LaunchScreen;
				INFOPLIST_KEY_UISupportedInterfaceOrientations = UIInterfaceOrientationPortrait;
				INFOPLIST_KEY_UISupportedInterfaceOrientations_iPad = "UIInterfaceOrientationLandscapeLeft UIInterfaceOrientationLandscapeRight UIInterfaceOrientationPortrait UIInterfaceOrientationPortraitUpsideDown";
				LD_RUNPATH_SEARCH_PATHS = (
					"$(inherited)",
					"@executable_path/Frameworks",
				);
				MARKETING_VERSION = 1.0;
				PRODUCT_BUNDLE_IDENTIFIER = com.yektaokdan.CurrentWeather;
				PRODUCT_NAME = "$(TARGET_NAME)";
				SUPPORTED_PLATFORMS = "iphoneos iphonesimulator";
				SUPPORTS_MACCATALYST = NO;
				SUPPORTS_MAC_DESIGNED_FOR_IPHONE_IPAD = NO;
				SUPPORTS_XR_DESIGNED_FOR_IPHONE_IPAD = NO;
				SWIFT_EMIT_LOC_STRINGS = YES;
				SWIFT_VERSION = 5.0;
				TARGETED_DEVICE_FAMILY = 1;
			};
			name = Debug;
		};
		39A0E58B2B90C7A1000DD3A6 /* Release */ = {
			isa = XCBuildConfiguration;
			buildSettings = {
				ASSETCATALOG_COMPILER_APPICON_NAME = AppIcon;
				ASSETCATALOG_COMPILER_GLOBAL_ACCENT_COLOR_NAME = AccentColor;
				CODE_SIGN_STYLE = Automatic;
				CURRENT_PROJECT_VERSION = 1;
				DEVELOPMENT_TEAM = 9NSCR757BU;
				GENERATE_INFOPLIST_FILE = YES;
				INFOPLIST_FILE = CurrentWeather/Support/Info.plist;
				INFOPLIST_KEY_UIApplicationSupportsIndirectInputEvents = YES;
				INFOPLIST_KEY_UILaunchStoryboardName = LaunchScreen;
				INFOPLIST_KEY_UISupportedInterfaceOrientations = UIInterfaceOrientationPortrait;
				INFOPLIST_KEY_UISupportedInterfaceOrientations_iPad = "UIInterfaceOrientationLandscapeLeft UIInterfaceOrientationLandscapeRight UIInterfaceOrientationPortrait UIInterfaceOrientationPortraitUpsideDown";
				LD_RUNPATH_SEARCH_PATHS = (
					"$(inherited)",
					"@executable_path/Frameworks",
				);
				MARKETING_VERSION = 1.0;
				PRODUCT_BUNDLE_IDENTIFIER = com.yektaokdan.CurrentWeather;
				PRODUCT_NAME = "$(TARGET_NAME)";
				SUPPORTED_PLATFORMS = "iphoneos iphonesimulator";
				SUPPORTS_MACCATALYST = NO;
				SUPPORTS_MAC_DESIGNED_FOR_IPHONE_IPAD = NO;
				SUPPORTS_XR_DESIGNED_FOR_IPHONE_IPAD = NO;
				SWIFT_EMIT_LOC_STRINGS = YES;
				SWIFT_VERSION = 5.0;
				TARGETED_DEVICE_FAMILY = 1;
			};
			name = Release;
		};
/* End XCBuildConfiguration section */

/* Begin XCConfigurationList section */
		39A0E5702B90C7A0000DD3A6 /* Build configuration list for PBXProject "CurrentWeather" */ = {
			isa = XCConfigurationList;
			buildConfigurations = (
				39A0E5872B90C7A1000DD3A6 /* Debug */,
				39A0E5882B90C7A1000DD3A6 /* Release */,
			);
			defaultConfigurationIsVisible = 0;
			defaultConfigurationName = Release;
		};
		39A0E5892B90C7A1000DD3A6 /* Build configuration list for PBXNativeTarget "CurrentWeather" */ = {
			isa = XCConfigurationList;
			buildConfigurations = (
				39A0E58A2B90C7A1000DD3A6 /* Debug */,
				39A0E58B2B90C7A1000DD3A6 /* Release */,
			);
			defaultConfigurationIsVisible = 0;
			defaultConfigurationName = Release;
		};
/* End XCConfigurationList section */

/* Begin XCRemoteSwiftPackageReference section */
		39F19A932B95BDF3001C0F11 /* XCRemoteSwiftPackageReference "Alamofire" */ = {
			isa = XCRemoteSwiftPackageReference;
			repositoryURL = "https://github.com/Alamofire/Alamofire";
			requirement = {
				kind = upToNextMajorVersion;
				minimumVersion = 5.9.0;
			};
		};
/* End XCRemoteSwiftPackageReference section */

/* Begin XCSwiftPackageProductDependency section */
		39F19A942B95BDF3001C0F11 /* Alamofire */ = {
			isa = XCSwiftPackageProductDependency;
			package = 39F19A932B95BDF3001C0F11 /* XCRemoteSwiftPackageReference "Alamofire" */;
			productName = Alamofire;
		};
/* End XCSwiftPackageProductDependency section */
	};
	rootObject = 39A0E56D2B90C7A0000DD3A6 /* Project object */;
}
